
Microsoft Visual Studio Solution File, Format Version 12.00
# Visual Studio Version 16
VisualStudioVersion = 16.0.31624.102
MinimumVisualStudioVersion = 10.0.40219.1
Project("{FAE04EC0-301F-11D3-BF4B-00C04F79EFBC}") = "Vidly", "Vidley\Vidly.csproj", "{C85987B5-C130-43E3-987D-2B514ADCB2EF}"
EndProject
Global
	GlobalSection(SolutionConfigurationPlatforms) = preSolution
		Debug|Any CPU = Debug|Any CPU
		Release|Any CPU = Release|Any CPU
		Testing|Any CPU = Testing|Any CPU
	EndGlobalSection
	GlobalSection(ProjectConfigurationPlatforms) = postSolution
		{C85987B5-C130-43E3-987D-2B514ADCB2EF}.Debug|Any CPU.ActiveCfg = Debug|Any CPU
		{C85987B5-C130-43E3-987D-2B514ADCB2EF}.Debug|Any CPU.Build.0 = Debug|Any CPU
		{C85987B5-C130-43E3-987D-2B514ADCB2EF}.Release|Any CPU.ActiveCfg = Release|Any CPU
		{C85987B5-C130-43E3-987D-2B514ADCB2EF}.Release|Any CPU.Build.0 = Release|Any CPU
		{C85987B5-C130-43E3-987D-2B514ADCB2EF}.Testing|Any CPU.ActiveCfg = Testing|Any CPU
		{C85987B5-C130-43E3-987D-2B514ADCB2EF}.Testing|Any CPU.Build.0 = Testing|Any CPU
	EndGlobalSection
	GlobalSection(SolutionProperties) = preSolution
		HideSolutionNode = FALSE
	EndGlobalSection
	GlobalSection(ExtensibilityGlobals) = postSolution
		SolutionGuid = {F7C7BB48-6D29-4509-8E55-9A637B717D33}
	EndGlobalSection
EndGlobal
